
Microsoft Visual Studio Solution File, Format Version 12.00
# Visual Studio Version 16
VisualStudioVersion = 16.0.32228.343
MinimumVisualStudioVersion = 10.0.40219.1
Project("{FAE04EC0-301F-11D3-BF4B-00C04F79EFBC}") = "LitsConsole", "LitsConsole.csproj", "{C3920B5A-1C75-470B-9AE6-80392FA0DFAF}"
EndProject
Global
	GlobalSection(SolutionConfigurationPlatforms) = preSolution
		Debug|Any CPU = Debug|Any CPU
		Release|Any CPU = Release|Any CPU
	EndGlobalSection
	GlobalSection(ProjectConfigurationPlatforms) = postSolution
		{C3920B5A-1C75-470B-9AE6-80392FA0DFAF}.Debug|Any CPU.ActiveCfg = Debug|Any CPU
		{C3920B5A-1C75-470B-9AE6-80392FA0DFAF}.Debug|Any CPU.Build.0 = Debug|Any CPU
		{C3920B5A-1C75-470B-9AE6-80392FA0DFAF}.Release|Any CPU.ActiveCfg = Release|Any CPU
		{C3920B5A-1C75-470B-9AE6-80392FA0DFAF}.Release|Any CPU.Build.0 = Release|Any CPU
	EndGlobalSection
	GlobalSection(SolutionProperties) = preSolution
		HideSolutionNode = FALSE
	EndGlobalSection
	GlobalSection(ExtensibilityGlobals) = postSolution
		SolutionGuid = {BB643924-8233-4AB2-8F57-7025CAC50D2D}
	EndGlobalSection
EndGlobal
