
Microsoft Visual Studio Solution File, Format Version 12.00
# Visual Studio Version 16
VisualStudioVersion = 16.0.32602.291
MinimumVisualStudioVersion = 10.0.40219.1
Project("{FAE04EC0-301F-11D3-BF4B-00C04F79EFBC}") = "LitsForms", "LitsForms.csproj", "{33D8B114-748D-4B5F-BE79-3036C3587E22}"
EndProject
Global
	GlobalSection(SolutionConfigurationPlatforms) = preSolution
		Debug|Any CPU = Debug|Any CPU
		Release|Any CPU = Release|Any CPU
	EndGlobalSection
	GlobalSection(ProjectConfigurationPlatforms) = postSolution
		{33D8B114-748D-4B5F-BE79-3036C3587E22}.Debug|Any CPU.ActiveCfg = Debug|Any CPU
		{33D8B114-748D-4B5F-BE79-3036C3587E22}.Debug|Any CPU.Build.0 = Debug|Any CPU
		{33D8B114-748D-4B5F-BE79-3036C3587E22}.Release|Any CPU.ActiveCfg = Release|Any CPU
		{33D8B114-748D-4B5F-BE79-3036C3587E22}.Release|Any CPU.Build.0 = Release|Any CPU
	EndGlobalSection
	GlobalSection(SolutionProperties) = preSolution
		HideSolutionNode = FALSE
	EndGlobalSection
	GlobalSection(ExtensibilityGlobals) = postSolution
		SolutionGuid = {D3A06C0F-7D34-4D0D-9A30-626F88B0ABE7}
	EndGlobalSection
EndGlobal
